{
  "requires": true,
  "lockfileVersion": 1,
  "dependencies": {
    "ngx-permissions": {
      "version": "8.1.1",
      "resolved": "https://registry.npmjs.org/ngx-permissions/-/ngx-permissions-8.1.1.tgz",
      "integrity": "sha512-gxpZtyg9Hucx+sgoC+iJTYL02E6GOoDCfMKZ1rDnSzIFsyGWIsaNFbSi0FaoT4diWnQ+8B/kL4mEM7ldO/FTxA==",
      "requires": {
        "tslib": "^1.10.0"
      }
    },
    "tslib": {
      "version": "1.14.1",
      "resolved": "https://registry.npmjs.org/tslib/-/tslib-1.14.1.tgz",
      "integrity": "sha512-Xni35NKzjgMrwevysHTCArtLDpPvye8zV/0E4EyYn43P7/7qvQwPh9BGkHewbMulVntbigmcT7rdX3BNo9wRJg=="
    }
  }
}
